
Microsoft Visual Studio Solution File, Format Version 12.00
# Visual Studio Version 16
VisualStudioVersion = 16.0.30907.101
MinimumVisualStudioVersion = 10.0.40219.1
Project("{FAE04EC0-301F-11D3-BF4B-00C04F79EFBC}") = "StaticList", "StaticList\StaticList.csproj", "{E7CCC076-C355-4043-9A46-766AD7C4ECC0}"
EndProject
Project("{FAE04EC0-301F-11D3-BF4B-00C04F79EFBC}") = "DynamicList", "DynamicList\DynamicList.csproj", "{64DB06F6-CE4E-436A-8DE7-DCE0354918EA}"
EndProject
Global
	GlobalSection(SolutionConfigurationPlatforms) = preSolution
		Debug|Any CPU = Debug|Any CPU
		Release|Any CPU = Release|Any CPU
	EndGlobalSection
	GlobalSection(ProjectConfigurationPlatforms) = postSolution
		{E7CCC076-C355-4043-9A46-766AD7C4ECC0}.Debug|Any CPU.ActiveCfg = Debug|Any CPU
		{E7CCC076-C355-4043-9A46-766AD7C4ECC0}.Debug|Any CPU.Build.0 = Debug|Any CPU
		{E7CCC076-C355-4043-9A46-766AD7C4ECC0}.Release|Any CPU.ActiveCfg = Release|Any CPU
		{E7CCC076-C355-4043-9A46-766AD7C4ECC0}.Release|Any CPU.Build.0 = Release|Any CPU
		{64DB06F6-CE4E-436A-8DE7-DCE0354918EA}.Debug|Any CPU.ActiveCfg = Debug|Any CPU
		{64DB06F6-CE4E-436A-8DE7-DCE0354918EA}.Debug|Any CPU.Build.0 = Debug|Any CPU
		{64DB06F6-CE4E-436A-8DE7-DCE0354918EA}.Release|Any CPU.ActiveCfg = Release|Any CPU
		{64DB06F6-CE4E-436A-8DE7-DCE0354918EA}.Release|Any CPU.Build.0 = Release|Any CPU
	EndGlobalSection
	GlobalSection(SolutionProperties) = preSolution
		HideSolutionNode = FALSE
	EndGlobalSection
	GlobalSection(ExtensibilityGlobals) = postSolution
		SolutionGuid = {47CE4942-ED14-4A37-90A2-258626813DFA}
	EndGlobalSection
EndGlobal
