
Microsoft Visual Studio Solution File, Format Version 12.00
# Visual Studio Version 16
VisualStudioVersion = 16.0.31019.35
MinimumVisualStudioVersion = 10.0.40219.1
Project("{9A19103F-16F7-4668-BE54-9A1E7A4F7556}") = "01.Microsystem", "01. Microsystem - Correctness_Skeleton\01.Microsystem\01.Microsystem.csproj", "{7C8F4762-6B78-4C7C-BCC7-7BAD7D576C99}"
EndProject
Project("{9A19103F-16F7-4668-BE54-9A1E7A4F7556}") = "01.Microsystem.Tests", "01. Microsystem - Correctness_Skeleton\01.Microsystem.Tests\01.Microsystem.Tests.csproj", "{150F182F-BFAA-4533-B889-D4E055E61C1D}"
EndProject
Project("{9A19103F-16F7-4668-BE54-9A1E7A4F7556}") = "02.VaniPlanning", "02. Vani Planning - Correctness_Skeleton\02.VaniPlanning\02.VaniPlanning.csproj", "{D9869F53-65A1-477A-95D4-0ECFA85C001E}"
EndProject
Project("{9A19103F-16F7-4668-BE54-9A1E7A4F7556}") = "02.VaniPlanning.Tests", "02. Vani Planning - Correctness_Skeleton\02.VaniPlanning.Tests\02.VaniPlanning.Tests.csproj", "{AD1E23C4-660E-4249-9F70-B8823BB0FBFF}"
EndProject
Global
	GlobalSection(SolutionConfigurationPlatforms) = preSolution
		Debug|Any CPU = Debug|Any CPU
		Release|Any CPU = Release|Any CPU
	EndGlobalSection
	GlobalSection(ProjectConfigurationPlatforms) = postSolution
		{7C8F4762-6B78-4C7C-BCC7-7BAD7D576C99}.Debug|Any CPU.ActiveCfg = Debug|Any CPU
		{7C8F4762-6B78-4C7C-BCC7-7BAD7D576C99}.Debug|Any CPU.Build.0 = Debug|Any CPU
		{7C8F4762-6B78-4C7C-BCC7-7BAD7D576C99}.Release|Any CPU.ActiveCfg = Release|Any CPU
		{7C8F4762-6B78-4C7C-BCC7-7BAD7D576C99}.Release|Any CPU.Build.0 = Release|Any CPU
		{150F182F-BFAA-4533-B889-D4E055E61C1D}.Debug|Any CPU.ActiveCfg = Debug|Any CPU
		{150F182F-BFAA-4533-B889-D4E055E61C1D}.Debug|Any CPU.Build.0 = Debug|Any CPU
		{150F182F-BFAA-4533-B889-D4E055E61C1D}.Release|Any CPU.ActiveCfg = Release|Any CPU
		{150F182F-BFAA-4533-B889-D4E055E61C1D}.Release|Any CPU.Build.0 = Release|Any CPU
		{D9869F53-65A1-477A-95D4-0ECFA85C001E}.Debug|Any CPU.ActiveCfg = Debug|Any CPU
		{D9869F53-65A1-477A-95D4-0ECFA85C001E}.Debug|Any CPU.Build.0 = Debug|Any CPU
		{D9869F53-65A1-477A-95D4-0ECFA85C001E}.Release|Any CPU.ActiveCfg = Release|Any CPU
		{D9869F53-65A1-477A-95D4-0ECFA85C001E}.Release|Any CPU.Build.0 = Release|Any CPU
		{AD1E23C4-660E-4249-9F70-B8823BB0FBFF}.Debug|Any CPU.ActiveCfg = Debug|Any CPU
		{AD1E23C4-660E-4249-9F70-B8823BB0FBFF}.Debug|Any CPU.Build.0 = Debug|Any CPU
		{AD1E23C4-660E-4249-9F70-B8823BB0FBFF}.Release|Any CPU.ActiveCfg = Release|Any CPU
		{AD1E23C4-660E-4249-9F70-B8823BB0FBFF}.Release|Any CPU.Build.0 = Release|Any CPU
	EndGlobalSection
	GlobalSection(SolutionProperties) = preSolution
		HideSolutionNode = FALSE
	EndGlobalSection
	GlobalSection(ExtensibilityGlobals) = postSolution
		SolutionGuid = {55875152-505F-45ED-9AE9-6C5297CA46FF}
	EndGlobalSection
EndGlobal
